
Microsoft Visual Studio Solution File, Format Version 12.00
# Visual Studio Version 17
VisualStudioVersion = 17.4.33110.190
MinimumVisualStudioVersion = 10.0.40219.1
Project("{FAE04EC0-301F-11D3-BF4B-00C04F79EFBC}") = "XC_Shoes", "XC_Shoes\XC_Shoes.csproj", "{3DAFDE14-B763-466E-B751-1B46E4F606DC}"
EndProject
Global
	GlobalSection(SolutionConfigurationPlatforms) = preSolution
		Debug|Any CPU = Debug|Any CPU
		Release|Any CPU = Release|Any CPU
	EndGlobalSection
	GlobalSection(ProjectConfigurationPlatforms) = postSolution
		{3DAFDE14-B763-466E-B751-1B46E4F606DC}.Debug|Any CPU.ActiveCfg = Debug|Any CPU
		{3DAFDE14-B763-466E-B751-1B46E4F606DC}.Debug|Any CPU.Build.0 = Debug|Any CPU
		{3DAFDE14-B763-466E-B751-1B46E4F606DC}.Release|Any CPU.ActiveCfg = Release|Any CPU
		{3DAFDE14-B763-466E-B751-1B46E4F606DC}.Release|Any CPU.Build.0 = Release|Any CPU
	EndGlobalSection
	GlobalSection(SolutionProperties) = preSolution
		HideSolutionNode = FALSE
	EndGlobalSection
	GlobalSection(ExtensibilityGlobals) = postSolution
		SolutionGuid = {34B5CB8C-0ED1-4D65-9ACC-5FD8F45B1173}
	EndGlobalSection
EndGlobal
